// !$*UTF8*$!
{
	archiveVersion = 1;
	classes = {
	};
	objectVersion = 46;
	objects = {

/* Begin PBXBuildFile section */
		605620DE979C5A2E5972DF7D /* STKBoard.m in Sources */ = {isa = PBXBuildFile; fileRef = 605620C1FEC80D022B0D2DED /* STKBoard.m */; };
		605622F6F65E95DE528ADF33 /* AppDelegate.m in Sources */ = {isa = PBXBuildFile; fileRef = 60562EF515F2F6CC0365476C /* AppDelegate.m */; };
		605622FD25FDB545842449F6 /* STKCard.m in Sources */ = {isa = PBXBuildFile; fileRef = 6056228B7444A5A4AE95CB93 /* STKCard.m */; };
		605624CCD386EFE18A74B76D /* Main.storyboard in Resources */ = {isa = PBXBuildFile; fileRef = 60562EDA82A0A40C860DE048 /* Main.storyboard */; };
		605626F1ABD4AA94BD310EFC /* STKGameEngine.m in Sources */ = {isa = PBXBuildFile; fileRef = 605622C10D0D4C88FD0F5D28 /* STKGameEngine.m */; };
		60562840748AE3C1EB62E68B /* ViewController.m in Sources */ = {isa = PBXBuildFile; fileRef = 60562E74AA3544B3827C8A2F /* ViewController.m */; };
		60562F58C176D7041BD2E871 /* LaunchScreen.xib in Resources */ = {isa = PBXBuildFile; fileRef = 6056248224FA9F87A42D17DE /* LaunchScreen.xib */; };
		88EEFE941B49110200D6FE57 /* main.m in Sources */ = {isa = PBXBuildFile; fileRef = 88EEFE931B49110200D6FE57 /* main.m */; };
		88EEFE9F1B49110200D6FE57 /* Images.xcassets in Resources */ = {isa = PBXBuildFile; fileRef = 88EEFE9E1B49110200D6FE57 /* Images.xcassets */; };
		88EEFEAE1B49110200D6FE57 /* SolitaireTests.m in Sources */ = {isa = PBXBuildFile; fileRef = 88EEFEAD1B49110200D6FE57 /* SolitaireTests.m */; };
/* End PBXBuildFile section */

/* Begin PBXContainerItemProxy section */
		88EEFEA81B49110200D6FE57 /* PBXContainerItemProxy */ = {
			isa = PBXContainerItemProxy;
			containerPortal = 88EEFE861B49110200D6FE57 /* Project object */;
			proxyType = 1;
			remoteGlobalIDString = 88EEFE8D1B49110200D6FE57;
			remoteInfo = Solitaire;
		};
/* End PBXContainerItemProxy section */

/* Begin PBXFileReference section */
		6056203663CA661FE2FA8EE9 /* ViewController.h */ = {isa = PBXFileReference; fileEncoding = 4; lastKnownFileType = sourcecode.c.h; path = ViewController.h; sourceTree = "<group>"; };
		605620C1FEC80D022B0D2DED /* STKBoard.m */ = {isa = PBXFileReference; fileEncoding = 4; lastKnownFileType = sourcecode.c.objc; path = STKBoard.m; sourceTree = "<group>"; };
		6056228B7444A5A4AE95CB93 /* STKCard.m */ = {isa = PBXFileReference; fileEncoding = 4; lastKnownFileType = sourcecode.c.objc; path = STKCard.m; sourceTree = "<group>"; };
		605622C10D0D4C88FD0F5D28 /* STKGameEngine.m */ = {isa = PBXFileReference; fileEncoding = 4; lastKnownFileType = sourcecode.c.objc; path = STKGameEngine.m; sourceTree = "<group>"; };
		6056238B04984F67675082D1 /* Base */ = {isa = PBXFileReference; lastKnownFileType = file.storyboard; name = Base; path = Base.lproj/Main.storyboard; sourceTree = "<group>"; };
		605623CA00B197CF11BD8DF3 /* STKCard.h */ = {isa = PBXFileReference; fileEncoding = 4; lastKnownFileType = sourcecode.c.h; path = STKCard.h; sourceTree = "<group>"; };
		605623F5245166FD3AB242C7 /* STKGameEngine.h */ = {isa = PBXFileReference; fileEncoding = 4; lastKnownFileType = sourcecode.c.h; path = STKGameEngine.h; sourceTree = "<group>"; };
		605629665A152730F1CCA769 /* Base */ = {isa = PBXFileReference; lastKnownFileType = file.xib; name = Base; path = Base.lproj/LaunchScreen.xib; sourceTree = "<group>"; };
		60562B0C61342F42B1341028 /* STKBoard.h */ = {isa = PBXFileReference; fileEncoding = 4; lastKnownFileType = sourcecode.c.h; path = STKBoard.h; sourceTree = "<group>"; };
		60562E74AA3544B3827C8A2F /* ViewController.m */ = {isa = PBXFileReference; fileEncoding = 4; lastKnownFileType = sourcecode.c.objc; path = ViewController.m; sourceTree = "<group>"; };
		60562EF515F2F6CC0365476C /* AppDelegate.m */ = {isa = PBXFileReference; fileEncoding = 4; lastKnownFileType = sourcecode.c.objc; path = AppDelegate.m; sourceTree = "<group>"; };
		60562F55E7DBDD9D66E21B98 /* AppDelegate.h */ = {isa = PBXFileReference; fileEncoding = 4; lastKnownFileType = sourcecode.c.h; path = AppDelegate.h; sourceTree = "<group>"; };
		88EEFE8E1B49110200D6FE57 /* Solitaire.app */ = {isa = PBXFileReference; explicitFileType = wrapper.application; includeInIndex = 0; path = Solitaire.app; sourceTree = BUILT_PRODUCTS_DIR; };
		88EEFE921B49110200D6FE57 /* Info.plist */ = {isa = PBXFileReference; lastKnownFileType = text.plist.xml; path = Info.plist; sourceTree = "<group>"; };
		88EEFE931B49110200D6FE57 /* main.m */ = {isa = PBXFileReference; lastKnownFileType = sourcecode.c.objc; path = main.m; sourceTree = "<group>"; };
		88EEFE9E1B49110200D6FE57 /* Images.xcassets */ = {isa = PBXFileReference; lastKnownFileType = folder.assetcatalog; path = Images.xcassets; sourceTree = "<group>"; };
		88EEFEA71B49110200D6FE57 /* SolitaireTests.xctest */ = {isa = PBXFileReference; explicitFileType = wrapper.cfbundle; includeInIndex = 0; path = SolitaireTests.xctest; sourceTree = BUILT_PRODUCTS_DIR; };
		88EEFEAC1B49110200D6FE57 /* Info.plist */ = {isa = PBXFileReference; lastKnownFileType = text.plist.xml; path = Info.plist; sourceTree = "<group>"; };
		88EEFEAD1B49110200D6FE57 /* SolitaireTests.m */ = {isa = PBXFileReference; lastKnownFileType = sourcecode.c.objc; path = SolitaireTests.m; sourceTree = "<group>"; };
/* End PBXFileReference section */

/* Begin PBXFrameworksBuildPhase section */
		88EEFE8B1B49110200D6FE57 /* Frameworks */ = {
			isa = PBXFrameworksBuildPhase;
			buildActionMask = 2147483647;
			files = (
			);
			runOnlyForDeploymentPostprocessing = 0;
		};
		88EEFEA41B49110200D6FE57 /* Frameworks */ = {
			isa = PBXFrameworksBuildPhase;
			buildActionMask = 2147483647;
			files = (
			);
			runOnlyForDeploymentPostprocessing = 0;
		};
/* End PBXFrameworksBuildPhase section */

/* Begin PBXGroup section */
		605624E8CDA0A89E6CE27EC0 /* Domain */ = {
			isa = PBXGroup;
			children = (
				605620C1FEC80D022B0D2DED /* STKBoard.m */,
				60562B0C61342F42B1341028 /* STKBoard.h */,
				605622C10D0D4C88FD0F5D28 /* STKGameEngine.m */,
				605623F5245166FD3AB242C7 /* STKGameEngine.h */,
				6056228B7444A5A4AE95CB93 /* STKCard.m */,
				605623CA00B197CF11BD8DF3 /* STKCard.h */,
			);
			path = Domain;
			sourceTree = "<group>";
		};
		88EEFE851B49110200D6FE57 = {
			isa = PBXGroup;
			children = (
				88EEFE901B49110200D6FE57 /* Solitaire */,
				88EEFEAA1B49110200D6FE57 /* SolitaireTests */,
				88EEFE8F1B49110200D6FE57 /* Products */,
			);
			sourceTree = "<group>";
		};
		88EEFE8F1B49110200D6FE57 /* Products */ = {
			isa = PBXGroup;
			children = (
				88EEFE8E1B49110200D6FE57 /* Solitaire.app */,
				88EEFEA71B49110200D6FE57 /* SolitaireTests.xctest */,
			);
			name = Products;
			sourceTree = "<group>";
		};
		88EEFE901B49110200D6FE57 /* Solitaire */ = {
			isa = PBXGroup;
			children = (
				88EEFE9E1B49110200D6FE57 /* Images.xcassets */,
				88EEFE911B49110200D6FE57 /* Supporting Files */,
				605624E8CDA0A89E6CE27EC0 /* Domain */,
			);
			path = Solitaire;
			sourceTree = "<group>";
		};
		88EEFE911B49110200D6FE57 /* Supporting Files */ = {
			isa = PBXGroup;
			children = (
				88EEFE921B49110200D6FE57 /* Info.plist */,
				88EEFE931B49110200D6FE57 /* main.m */,
				6056248224FA9F87A42D17DE /* LaunchScreen.xib */,
				60562EDA82A0A40C860DE048 /* Main.storyboard */,
				6056203663CA661FE2FA8EE9 /* ViewController.h */,
				60562E74AA3544B3827C8A2F /* ViewController.m */,
				60562F55E7DBDD9D66E21B98 /* AppDelegate.h */,
				60562EF515F2F6CC0365476C /* AppDelegate.m */,
			);
			name = "Supporting Files";
			sourceTree = "<group>";
		};
		88EEFEAA1B49110200D6FE57 /* SolitaireTests */ = {
			isa = PBXGroup;
			children = (
				88EEFEAD1B49110200D6FE57 /* SolitaireTests.m */,
				88EEFEAB1B49110200D6FE57 /* Supporting Files */,
			);
			path = SolitaireTests;
			sourceTree = "<group>";
		};
		88EEFEAB1B49110200D6FE57 /* Supporting Files */ = {
			isa = PBXGroup;
			children = (
				88EEFEAC1B49110200D6FE57 /* Info.plist */,
			);
			name = "Supporting Files";
			sourceTree = "<group>";
		};
/* End PBXGroup section */

/* Begin PBXNativeTarget section */
		88EEFE8D1B49110200D6FE57 /* Solitaire */ = {
			isa = PBXNativeTarget;
			buildConfigurationList = 88EEFEB11B49110200D6FE57 /* Build configuration list for PBXNativeTarget "Solitaire" */;
			buildPhases = (
				88EEFE8A1B49110200D6FE57 /* Sources */,
				88EEFE8B1B49110200D6FE57 /* Frameworks */,
				88EEFE8C1B49110200D6FE57 /* Resources */,
			);
			buildRules = (
			);
			dependencies = (
			);
			name = Solitaire;
			productName = Solitaire;
			productReference = 88EEFE8E1B49110200D6FE57 /* Solitaire.app */;
			productType = "com.apple.product-type.application";
		};
		88EEFEA61B49110200D6FE57 /* SolitaireTests */ = {
			isa = PBXNativeTarget;
			buildConfigurationList = 88EEFEB41B49110200D6FE57 /* Build configuration list for PBXNativeTarget "SolitaireTests" */;
			buildPhases = (
				88EEFEA31B49110200D6FE57 /* Sources */,
				88EEFEA41B49110200D6FE57 /* Frameworks */,
				88EEFEA51B49110200D6FE57 /* Resources */,
			);
			buildRules = (
			);
			dependencies = (
				88EEFEA91B49110200D6FE57 /* PBXTargetDependency */,
			);
			name = SolitaireTests;
			productName = SolitaireTests;
			productReference = 88EEFEA71B49110200D6FE57 /* SolitaireTests.xctest */;
			productType = "com.apple.product-type.bundle.unit-test";
		};
/* End PBXNativeTarget section */

/* Begin PBXProject section */
		88EEFE861B49110200D6FE57 /* Project object */ = {
			isa = PBXProject;
			attributes = {
				LastUpgradeCheck = 0630;
				ORGANIZATIONNAME = stable/kernel;
				TargetAttributes = {
					88EEFE8D1B49110200D6FE57 = {
						CreatedOnToolsVersion = 6.3.2;
					};
					88EEFEA61B49110200D6FE57 = {
						CreatedOnToolsVersion = 6.3.2;
						TestTargetID = 88EEFE8D1B49110200D6FE57;
					};
				};
			};
			buildConfigurationList = 88EEFE891B49110200D6FE57 /* Build configuration list for PBXProject "Solitaire" */;
			compatibilityVersion = "Xcode 3.2";
			developmentRegion = English;
			hasScannedForEncodings = 0;
			knownRegions = (
				en,
				Base,
			);
			mainGroup = 88EEFE851B49110200D6FE57;
			productRefGroup = 88EEFE8F1B49110200D6FE57 /* Products */;
			projectDirPath = "";
			projectRoot = "";
			targets = (
				88EEFE8D1B49110200D6FE57 /* Solitaire */,
				88EEFEA61B49110200D6FE57 /* SolitaireTests */,
			);
		};
/* End PBXProject section */

/* Begin PBXResourcesBuildPhase section */
		88EEFE8C1B49110200D6FE57 /* Resources */ = {
			isa = PBXResourcesBuildPhase;
			buildActionMask = 2147483647;
			files = (
				88EEFE9F1B49110200D6FE57 /* Images.xcassets in Resources */,
				60562F58C176D7041BD2E871 /* LaunchScreen.xib in Resources */,
				605624CCD386EFE18A74B76D /* Main.storyboard in Resources */,
			);
			runOnlyForDeploymentPostprocessing = 0;
		};
		88EEFEA51B49110200D6FE57 /* Resources */ = {
			isa = PBXResourcesBuildPhase;
			buildActionMask = 2147483647;
			files = (
			);
			runOnlyForDeploymentPostprocessing = 0;
		};
/* End PBXResourcesBuildPhase section */

/* Begin PBXSourcesBuildPhase section */
		88EEFE8A1B49110200D6FE57 /* Sources */ = {
			isa = PBXSourcesBuildPhase;
			buildActionMask = 2147483647;
			files = (
				88EEFE941B49110200D6FE57 /* main.m in Sources */,
				605620DE979C5A2E5972DF7D /* STKBoard.m in Sources */,
				60562840748AE3C1EB62E68B /* ViewController.m in Sources */,
				605622F6F65E95DE528ADF33 /* AppDelegate.m in Sources */,
				605626F1ABD4AA94BD310EFC /* STKGameEngine.m in Sources */,
				605622FD25FDB545842449F6 /* STKCard.m in Sources */,
			);
			runOnlyForDeploymentPostprocessing = 0;
		};
		88EEFEA31B49110200D6FE57 /* Sources */ = {
			isa = PBXSourcesBuildPhase;
			buildActionMask = 2147483647;
			files = (
				88EEFEAE1B49110200D6FE57 /* SolitaireTests.m in Sources */,
			);
			runOnlyForDeploymentPostprocessing = 0;
		};
/* End PBXSourcesBuildPhase section */

/* Begin PBXTargetDependency section */
		88EEFEA91B49110200D6FE57 /* PBXTargetDependency */ = {
			isa = PBXTargetDependency;
			target = 88EEFE8D1B49110200D6FE57 /* Solitaire */;
			targetProxy = 88EEFEA81B49110200D6FE57 /* PBXContainerItemProxy */;
		};
/* End PBXTargetDependency section */

/* Begin PBXVariantGroup section */
		6056248224FA9F87A42D17DE /* LaunchScreen.xib */ = {
			isa = PBXVariantGroup;
			children = (
				605629665A152730F1CCA769 /* Base */,
			);
			name = LaunchScreen.xib;
			sourceTree = "<group>";
		};
		60562EDA82A0A40C860DE048 /* Main.storyboard */ = {
			isa = PBXVariantGroup;
			children = (
				6056238B04984F67675082D1 /* Base */,
			);
			name = Main.storyboard;
			sourceTree = "<group>";
		};
/* End PBXVariantGroup section */

/* Begin XCBuildConfiguration section */
		88EEFEAF1B49110200D6FE57 /* Debug */ = {
			isa = XCBuildConfiguration;
			buildSettings = {
				ALWAYS_SEARCH_USER_PATHS = NO;
				CLANG_CXX_LANGUAGE_STANDARD = "gnu++0x";
				CLANG_CXX_LIBRARY = "libc++";
				CLANG_ENABLE_MODULES = YES;
				CLANG_ENABLE_OBJC_ARC = YES;
				CLANG_WARN_BOOL_CONVERSION = YES;
				CLANG_WARN_CONSTANT_CONVERSION = YES;
				CLANG_WARN_DIRECT_OBJC_ISA_USAGE = YES_ERROR;
				CLANG_WARN_EMPTY_BODY = YES;
				CLANG_WARN_ENUM_CONVERSION = YES;
				CLANG_WARN_INT_CONVERSION = YES;
				CLANG_WARN_OBJC_ROOT_CLASS = YES_ERROR;
				CLANG_WARN_UNREACHABLE_CODE = YES;
				CLANG_WARN__DUPLICATE_METHOD_MATCH = YES;
				"CODE_SIGN_IDENTITY[sdk=iphoneos*]" = "iPhone Developer";
				COPY_PHASE_STRIP = NO;
				DEBUG_INFORMATION_FORMAT = "dwarf-with-dsym";
				ENABLE_STRICT_OBJC_MSGSEND = YES;
				GCC_C_LANGUAGE_STANDARD = gnu99;
				GCC_DYNAMIC_NO_PIC = NO;
				GCC_NO_COMMON_BLOCKS = YES;
				GCC_OPTIMIZATION_LEVEL = 0;
				GCC_PREPROCESSOR_DEFINITIONS = (
					"DEBUG=1",
					"$(inherited)",
				);
				GCC_SYMBOLS_PRIVATE_EXTERN = NO;
				GCC_WARN_64_TO_32_BIT_CONVERSION = YES;
				GCC_WARN_ABOUT_RETURN_TYPE = YES_ERROR;
				GCC_WARN_UNDECLARED_SELECTOR = YES;
				GCC_WARN_UNINITIALIZED_AUTOS = YES_AGGRESSIVE;
				GCC_WARN_UNUSED_FUNCTION = YES;
				GCC_WARN_UNUSED_VARIABLE = YES;
				IPHONEOS_DEPLOYMENT_TARGET = 8.3;
				MTL_ENABLE_DEBUG_INFO = YES;
				ONLY_ACTIVE_ARCH = YES;
				SDKROOT = iphoneos;
				TARGETED_DEVICE_FAMILY = "1,2";
			};
			name = Debug;
		};
		88EEFEB01B49110200D6FE57 /* Release */ = {
			isa = XCBuildConfiguration;
			buildSettings = {
				ALWAYS_SEARCH_USER_PATHS = NO;
				CLANG_CXX_LANGUAGE_STANDARD = "gnu++0x";
				CLANG_CXX_LIBRARY = "libc++";
				CLANG_ENABLE_MODULES = YES;
				CLANG_ENABLE_OBJC_ARC = YES;
				CLANG_WARN_BOOL_CONVERSION = YES;
				CLANG_WARN_CONSTANT_CONVERSION = YES;
				CLANG_WARN_DIRECT_OBJC_ISA_USAGE = YES_ERROR;
				CLANG_WARN_EMPTY_BODY = YES;
				CLANG_WARN_ENUM_CONVERSION = YES;
				CLANG_WARN_INT_CONVERSION = YES;
				CLANG_WARN_OBJC_ROOT_CLASS = YES_ERROR;
				CLANG_WARN_UNREACHABLE_CODE = YES;
				CLANG_WARN__DUPLICATE_METHOD_MATCH = YES;
				"CODE_SIGN_IDENTITY[sdk=iphoneos*]" = "iPhone Developer";
				COPY_PHASE_STRIP = NO;
				DEBUG_INFORMATION_FORMAT = "dwarf-with-dsym";
				ENABLE_NS_ASSERTIONS = NO;
				ENABLE_STRICT_OBJC_MSGSEND = YES;
				GCC_C_LANGUAGE_STANDARD = gnu99;
				GCC_NO_COMMON_BLOCKS = YES;
				GCC_WARN_64_TO_32_BIT_CONVERSION = YES;
				GCC_WARN_ABOUT_RETURN_TYPE = YES_ERROR;
				GCC_WARN_UNDECLARED_SELECTOR = YES;
				GCC_WARN_UNINITIALIZED_AUTOS = YES_AGGRESSIVE;
				GCC_WARN_UNUSED_FUNCTION = YES;
				GCC_WARN_UNUSED_VARIABLE = YES;
				IPHONEOS_DEPLOYMENT_TARGET = 8.3;
				MTL_ENABLE_DEBUG_INFO = NO;
				SDKROOT = iphoneos;
				TARGETED_DEVICE_FAMILY = "1,2";
				VALIDATE_PRODUCT = YES;
			};
			name = Release;
		};
		88EEFEB21B49110200D6FE57 /* Debug */ = {
			isa = XCBuildConfiguration;
			buildSettings = {
				ASSETCATALOG_COMPILER_APPICON_NAME = AppIcon;
				INFOPLIST_FILE = Solitaire/Info.plist;
				LD_RUNPATH_SEARCH_PATHS = "$(inherited) @executable_path/Frameworks";
				PRODUCT_NAME = "$(TARGET_NAME)";
			};
			name = Debug;
		};
		88EEFEB31B49110200D6FE57 /* Release */ = {
			isa = XCBuildConfiguration;
			buildSettings = {
				ASSETCATALOG_COMPILER_APPICON_NAME = AppIcon;
				INFOPLIST_FILE = Solitaire/Info.plist;
				LD_RUNPATH_SEARCH_PATHS = "$(inherited) @executable_path/Frameworks";
				PRODUCT_NAME = "$(TARGET_NAME)";
			};
			name = Release;
		};
		88EEFEB51B49110200D6FE57 /* Debug */ = {
			isa = XCBuildConfiguration;
			buildSettings = {
				BUNDLE_LOADER = "$(TEST_HOST)";
				FRAMEWORK_SEARCH_PATHS = (
					"$(SDKROOT)/Developer/Library/Frameworks",
					"$(inherited)",
				);
				GCC_PREPROCESSOR_DEFINITIONS = (
					"DEBUG=1",
					"$(inherited)",
				);
				INFOPLIST_FILE = SolitaireTests/Info.plist;
				LD_RUNPATH_SEARCH_PATHS = "$(inherited) @executable_path/Frameworks @loader_path/Frameworks";
				PRODUCT_NAME = "$(TARGET_NAME)";
				TEST_HOST = "$(BUILT_PRODUCTS_DIR)/Solitaire.app/Solitaire";
			};
			name = Debug;
		};
		88EEFEB61B49110200D6FE57 /* Release */ = {
			isa = XCBuildConfiguration;
			buildSettings = {
				BUNDLE_LOADER = "$(TEST_HOST)";
				FRAMEWORK_SEARCH_PATHS = (
					"$(SDKROOT)/Developer/Library/Frameworks",
					"$(inherited)",
				);
				INFOPLIST_FILE = SolitaireTests/Info.plist;
				LD_RUNPATH_SEARCH_PATHS = "$(inherited) @executable_path/Frameworks @loader_path/Frameworks";
				PRODUCT_NAME = "$(TARGET_NAME)";
				TEST_HOST = "$(BUILT_PRODUCTS_DIR)/Solitaire.app/Solitaire";
			};
			name = Release;
		};
/* End XCBuildConfiguration section */

/* Begin XCConfigurationList section */
		88EEFE891B49110200D6FE57 /* Build configuration list for PBXProject "Solitaire" */ = {
			isa = XCConfigurationList;
			buildConfigurations = (
				88EEFEAF1B49110200D6FE57 /* Debug */,
				88EEFEB01B49110200D6FE57 /* Release */,
			);
			defaultConfigurationIsVisible = 0;
			defaultConfigurationName = Release;
		};
		88EEFEB11B49110200D6FE57 /* Build configuration list for PBXNativeTarget "Solitaire" */ = {
			isa = XCConfigurationList;
			buildConfigurations = (
				88EEFEB21B49110200D6FE57 /* Debug */,
				88EEFEB31B49110200D6FE57 /* Release */,
			);
			defaultConfigurationIsVisible = 0;
		};
		88EEFEB41B49110200D6FE57 /* Build configuration list for PBXNativeTarget "SolitaireTests" */ = {
			isa = XCConfigurationList;
			buildConfigurations = (
				88EEFEB51B49110200D6FE57 /* Debug */,
				88EEFEB61B49110200D6FE57 /* Release */,
			);
			defaultConfigurationIsVisible = 0;
		};
/* End XCConfigurationList section */
	};
	rootObject = 88EEFE861B49110200D6FE57 /* Project object */;
}
